
Microsoft Visual Studio Solution File, Format Version 12.00
# Visual Studio 15
VisualStudioVersion = 15.0.27703.2042
MinimumVisualStudioVersion = 10.0.40219.1
Project("{FAE04EC0-301F-11D3-BF4B-00C04F79EFBC}") = "TextParserCore", "TextParserCore\TextParserCore.csproj", "{96CBC264-FE8B-4951-93B1-2EE33A178152}"
EndProject
Project("{FAE04EC0-301F-11D3-BF4B-00C04F79EFBC}") = "CustomParser", "CustomParser\CustomParser.csproj", "{A315A5F5-6980-42AD-B4C4-ABC3571FB68B}"
EndProject
Global
	GlobalSection(SolutionConfigurationPlatforms) = preSolution
		Debug|Any CPU = Debug|Any CPU
		Release|Any CPU = Release|Any CPU
	EndGlobalSection
	GlobalSection(ProjectConfigurationPlatforms) = postSolution
		{96CBC264-FE8B-4951-93B1-2EE33A178152}.Debug|Any CPU.ActiveCfg = Debug|Any CPU
		{96CBC264-FE8B-4951-93B1-2EE33A178152}.Debug|Any CPU.Build.0 = Debug|Any CPU
		{96CBC264-FE8B-4951-93B1-2EE33A178152}.Release|Any CPU.ActiveCfg = Release|Any CPU
		{96CBC264-FE8B-4951-93B1-2EE33A178152}.Release|Any CPU.Build.0 = Release|Any CPU
		{A315A5F5-6980-42AD-B4C4-ABC3571FB68B}.Debug|Any CPU.ActiveCfg = Debug|Any CPU
		{A315A5F5-6980-42AD-B4C4-ABC3571FB68B}.Debug|Any CPU.Build.0 = Debug|Any CPU
		{A315A5F5-6980-42AD-B4C4-ABC3571FB68B}.Release|Any CPU.ActiveCfg = Release|Any CPU
		{A315A5F5-6980-42AD-B4C4-ABC3571FB68B}.Release|Any CPU.Build.0 = Release|Any CPU
	EndGlobalSection
	GlobalSection(SolutionProperties) = preSolution
		HideSolutionNode = FALSE
	EndGlobalSection
	GlobalSection(ExtensibilityGlobals) = postSolution
		SolutionGuid = {58444807-8D97-4A2B-B0DE-C563F701040C}
	EndGlobalSection
EndGlobal
